{
  "name": "genapp",
  "version": "0.0.1",
  "lockfileVersion": 1,
  "requires": true,
  "dependencies": {
    "genco": {
      "version": "0.0.1",
      "resolved": "https://registry.npmjs.org/genco/-/genco-0.0.1.tgz",
      "integrity": "sha512-YxBiokfn04D2xiUb26F6GJcs8WETJnsmxLrdY2f107SOAC5hcKVZGO3l/5PEpACR7HXPEzzrUOZmW7D0qf306g=="
    }
  }
}
